
Microsoft Visual Studio Solution File, Format Version 12.00
# Visual Studio Version 17
VisualStudioVersion = 17.4.33403.182
MinimumVisualStudioVersion = 10.0.40219.1
Project("{FAE04EC0-301F-11D3-BF4B-00C04F79EFBC}") = "computer_graphics", "computer_graphics\computer_graphics.csproj", "{4E619365-1B02-4B2A-9BA0-8C611690BDB9}"
EndProject
Global
	GlobalSection(SolutionConfigurationPlatforms) = preSolution
		Debug|Any CPU = Debug|Any CPU
		Release|Any CPU = Release|Any CPU
	EndGlobalSection
	GlobalSection(ProjectConfigurationPlatforms) = postSolution
		{4E619365-1B02-4B2A-9BA0-8C611690BDB9}.Debug|Any CPU.ActiveCfg = Debug|Any CPU
		{4E619365-1B02-4B2A-9BA0-8C611690BDB9}.Debug|Any CPU.Build.0 = Debug|Any CPU
		{4E619365-1B02-4B2A-9BA0-8C611690BDB9}.Release|Any CPU.ActiveCfg = Release|Any CPU
		{4E619365-1B02-4B2A-9BA0-8C611690BDB9}.Release|Any CPU.Build.0 = Release|Any CPU
	EndGlobalSection
	GlobalSection(SolutionProperties) = preSolution
		HideSolutionNode = FALSE
	EndGlobalSection
	GlobalSection(ExtensibilityGlobals) = postSolution
		SolutionGuid = {F9AE8AC2-A2EA-49E7-A892-343C308CB2B3}
	EndGlobalSection
EndGlobal
